PODS:
  - Alamofire (4.7.3)
  - Kingfisher (5.9.0):
    - Kingfisher/Core (= 5.9.0)
  - Kingfisher/Core (5.9.0)
  - Moya/Core (13.0.1):
    - Alamofire (~> 4.1)
    - Result (~> 4.1)
  - Moya/RxSwift (13.0.1):
    - Moya/Core
    - RxSwift (~> 4.0)
  - PromiseKit (6.10.0):
    - PromiseKit/CorePromise (= 6.10.0)
    - PromiseKit/Foundation (= 6.10.0)
    - PromiseKit/UIKit (= 6.10.0)
  - PromiseKit/CorePromise (6.10.0)
  - PromiseKit/Foundation (6.10.0):
    - PromiseKit/CorePromise
  - PromiseKit/UIKit (6.10.0):
    - PromiseKit/CorePromise
  - Result (4.1.0)
  - RxSwift (4.5.0)

DEPENDENCIES:
  - Alamofire (= 4.7.3)
  - Kingfisher
  - Moya/RxSwift (= 13.0.1)
  - PromiseKit (= 6.10.0)

SPEC REPOS:
  trunk:
    - Alamofire
    - Kingfisher
    - Moya
    - PromiseKit
    - Result
    - RxSwift

SPEC CHECKSUMS:
  Alamofire: c7287b6e5d7da964a70935e5db17046b7fde6568
  Kingfisher: ff98240aebb7302bdc4f1ecd701761030ce18b16
  Moya: f4a4b80ff2f8a4ffc208dfb31cd91636622fee6e
  PromiseKit: 1fdaeb6c0a94a5114fcb814ff3d772b86886ad4e
  Result: bd966fac789cc6c1563440b348ab2598cc24d5c7
  RxSwift: f172070dfd1a93d70a9ab97a5a01166206e1c575

PODFILE CHECKSUM: 78fbaf4a8dcfdb2d2abf9747af0cd416d9029e6b

COCOAPODS: 1.8.4
